
Microsoft Visual Studio Solution File, Format Version 12.00
# Visual Studio Version 17
VisualStudioVersion = 17.0.31903.59
MinimumVisualStudioVersion = 10.0.40219.1
Project("{FAE04EC0-301F-11D3-BF4B-00C04F79EFBC}") = "TextUtility", "TextUtility.csproj", "{EFD5414D-652D-4224-99D0-65DB42D93451}"
EndProject
Global
	GlobalSection(SolutionConfigurationPlatforms) = preSolution
		Debug|Any CPU = Debug|Any CPU
		Release|Any CPU = Release|Any CPU
	EndGlobalSection
	GlobalSection(ProjectConfigurationPlatforms) = postSolution
		{EFD5414D-652D-4224-99D0-65DB42D93451}.Debug|Any CPU.ActiveCfg = Debug|Any CPU
		{EFD5414D-652D-4224-99D0-65DB42D93451}.Debug|Any CPU.Build.0 = Debug|Any CPU
		{EFD5414D-652D-4224-99D0-65DB42D93451}.Release|Any CPU.ActiveCfg = Release|Any CPU
		{EFD5414D-652D-4224-99D0-65DB42D93451}.Release|Any CPU.Build.0 = Release|Any CPU
	EndGlobalSection
	GlobalSection(SolutionProperties) = preSolution
		HideSolutionNode = FALSE
	EndGlobalSection
	GlobalSection(ExtensibilityGlobals) = postSolution
		SolutionGuid = {58BBDD0B-2BA7-4B19-AAA9-3FD7FFD42148}
	EndGlobalSection
EndGlobal
